
Microsoft Visual Studio Solution File, Format Version 12.00
# Visual Studio Version 17
VisualStudioVersion = 17.14.36518.9
MinimumVisualStudioVersion = 10.0.40219.1
Project("{FAE04EC0-301F-11D3-BF4B-00C04F79EFBC}") = "ResultPattern.API", "src\ResultPattern.API\ResultPattern.API.csproj", "{74E8470E-39CB-4770-872A-96CDF4A30646}"
EndProject
Project("{2150E333-8FDC-42A3-9474-1A3956D46DE8}") = "Solution Items", "Solution Items", "{8EC462FD-D22E-90A8-E5CE-7E832BA40C5D}"
	ProjectSection(SolutionItems) = preProject
		global.json = global.json
		LICENSE = LICENSE
		README.md = README.md
	EndProjectSection
EndProject
Global
	GlobalSection(SolutionConfigurationPlatforms) = preSolution
		Debug|Any CPU = Debug|Any CPU
		Release|Any CPU = Release|Any CPU
	EndGlobalSection
	GlobalSection(ProjectConfigurationPlatforms) = postSolution
		{74E8470E-39CB-4770-872A-96CDF4A30646}.Debug|Any CPU.ActiveCfg = Debug|Any CPU
		{74E8470E-39CB-4770-872A-96CDF4A30646}.Debug|Any CPU.Build.0 = Debug|Any CPU
		{74E8470E-39CB-4770-872A-96CDF4A30646}.Release|Any CPU.ActiveCfg = Release|Any CPU
		{74E8470E-39CB-4770-872A-96CDF4A30646}.Release|Any CPU.Build.0 = Release|Any CPU
	EndGlobalSection
	GlobalSection(SolutionProperties) = preSolution
		HideSolutionNode = FALSE
	EndGlobalSection
	GlobalSection(ExtensibilityGlobals) = postSolution
		SolutionGuid = {8C4B20D2-7723-4641-A6B2-D236D282D30C}
	EndGlobalSection
EndGlobal
